
Microsoft Visual Studio Solution File, Format Version 12.00
# Visual Studio Version 17
VisualStudioVersion = 17.14.36221.1 d17.14
MinimumVisualStudioVersion = 10.0.40219.1
Project("{E24C65DC-7377-472B-9ABA-BC803B73C61A}") = "NIS_ECK_WS", ".", "{8A6FA17D-3E45-4A1E-8F68-15CC19F67434}"
	ProjectSection(WebsiteProperties) = preProject
		TargetFrameworkMoniker = ".NETFramework,Version%3Dv4.8"
		Debug.AspNetCompiler.VirtualPath = "/NIS"
		Debug.AspNetCompiler.PhysicalPath = "..\NIS_ECK_WS\"
		Debug.AspNetCompiler.TargetPath = "PrecompiledWeb\NIS\"
		Debug.AspNetCompiler.Updateable = "true"
		Debug.AspNetCompiler.ForceOverwrite = "true"
		Debug.AspNetCompiler.FixedNames = "false"
		Debug.AspNetCompiler.Debug = "True"
		Release.AspNetCompiler.VirtualPath = "/NIS"
		Release.AspNetCompiler.PhysicalPath = "..\NIS_ECK_WS\"
		Release.AspNetCompiler.TargetPath = "PrecompiledWeb\NIS\"
		Release.AspNetCompiler.Updateable = "true"
		Release.AspNetCompiler.ForceOverwrite = "true"
		Release.AspNetCompiler.FixedNames = "false"
		Release.AspNetCompiler.Debug = "False"
		VWDPort = "9871"
		SlnRelativePath = "..\NIS_ECK_WS\"
	EndProjectSection
EndProject
Global
	GlobalSection(SolutionConfigurationPlatforms) = preSolution
		Debug|Any CPU = Debug|Any CPU
		Release|Any CPU = Release|Any CPU
	EndGlobalSection
	GlobalSection(ProjectConfigurationPlatforms) = postSolution
		{8A6FA17D-3E45-4A1E-8F68-15CC19F67434}.Debug|Any CPU.ActiveCfg = Debug|Any CPU
		{8A6FA17D-3E45-4A1E-8F68-15CC19F67434}.Debug|Any CPU.Build.0 = Debug|Any CPU
		{8A6FA17D-3E45-4A1E-8F68-15CC19F67434}.Release|Any CPU.ActiveCfg = Debug|Any CPU
		{8A6FA17D-3E45-4A1E-8F68-15CC19F67434}.Release|Any CPU.Build.0 = Debug|Any CPU
	EndGlobalSection
	GlobalSection(SolutionProperties) = preSolution
		HideSolutionNode = FALSE
	EndGlobalSection
	GlobalSection(ExtensibilityGlobals) = postSolution
		SolutionGuid = {779602B9-0D27-4CBF-825D-1D3FC54C1DF5}
	EndGlobalSection
EndGlobal
